<Solution>
  <Project Path="../tests/ServiceBusPoc.Tests/ServiceBusPoc.Tests.csproj" />
  <Project Path="ContactEvents/Consumers/Carwash/ServiceBusPoc.ContactEvents.Consumers.Carwash.csproj" />
  <Project Path="ServiceBusPoc.Core/ServiceBusPoc.Core.csproj" />
  <Project Path="ContactEvents/Consumers/DigitalChannels/ServiceBusPoc.ContactEvents.Consumers.DigitalChannels.csproj" />
  <Project Path="ContactEvents/Consumers/Insurance/ServiceBusPoc.ContactEvents.Consumers.Insurance.csproj" />
  <Project Path="ContactEvents/Consumers/ParksResorts/ServiceBusPoc.ContactEvents.Consumers.ParksResorts.csproj" />
  <Project Path="ContactEvents/Producer/ServiceBusPoc.ContactEvents.Producer.csproj" />
  <Project Path="ContactEvents/Verifier/ServiceBusPoc.ContactEvents.Verifier.csproj" />
</Solution>
